// !$*UTF8*$!
{
	archiveVersion = 1;
	classes = {
	};
	objectVersion = 48;
	objects = {

/* Begin PBXBuildFile section */
		0407E53E204996F20039877D /* LocationService.swift in Sources */ = {isa = PBXBuildFile; fileRef = 0407E53D204996F20039877D /* LocationService.swift */; };
		0407E5402049A8A90039877D /* LocationServiceProtocol.swift in Sources */ = {isa = PBXBuildFile; fileRef = 0407E53F2049A8A90039877D /* LocationServiceProtocol.swift */; };
		043501C820496DAB00C51609 /* TaskTests.swift in Sources */ = {isa = PBXBuildFile; fileRef = 043501C720496DAB00C51609 /* TaskTests.swift */; };
		043501E720496E6500C51609 /* AppDelegate.swift in Sources */ = {isa = PBXBuildFile; fileRef = 043501D420496E6500C51609 /* AppDelegate.swift */; };
		043501E920496E6500C51609 /* Assets.xcassets in Resources */ = {isa = PBXBuildFile; fileRef = 043501D920496E6500C51609 /* Assets.xcassets */; };
		043501EA20496E6500C51609 /* LaunchScreen.storyboard in Resources */ = {isa = PBXBuildFile; fileRef = 043501DA20496E6500C51609 /* LaunchScreen.storyboard */; };
		043501EC20496E6500C51609 /* Main.storyboard in Resources */ = {isa = PBXBuildFile; fileRef = 043501E020496E6500C51609 /* Main.storyboard */; };
		043501ED20496E6500C51609 /* HomePage.swift in Sources */ = {isa = PBXBuildFile; fileRef = 043501E320496E6500C51609 /* HomePage.swift */; };
		043501EE20496E6600C51609 /* ReachabilityService.swift in Sources */ = {isa = PBXBuildFile; fileRef = 043501E620496E6500C51609 /* ReachabilityService.swift */; };
		043501F020496F9400C51609 /* Info.plist in Resources */ = {isa = PBXBuildFile; fileRef = 043501EF20496F9400C51609 /* Info.plist */; };
		73B0A096E36A76ABBED993CF /* Pods_Task.framework in Frameworks */ = {isa = PBXBuildFile; fileRef = 1D703906B299B21AA9572234 /* Pods_Task.framework */; };
		DE9C2F415A0D21DF68B5ACD1 /* Pods_TaskTests.framework in Frameworks */ = {isa = PBXBuildFile; fileRef = 60C28606C29C1C100FD9598B /* Pods_TaskTests.framework */; };
/* End PBXBuildFile section */

/* Begin PBXContainerItemProxy section */
		043501C420496DAB00C51609 /* PBXContainerItemProxy */ = {
			isa = PBXContainerItemProxy;
			containerPortal = 043501A720496DAB00C51609 /* Project object */;
			proxyType = 1;
			remoteGlobalIDString = 043501AE20496DAB00C51609;
			remoteInfo = Task;
		};
/* End PBXContainerItemProxy section */

/* Begin PBXFileReference section */
		0407E53D204996F20039877D /* LocationService.swift */ = {isa = PBXFileReference; lastKnownFileType = sourcecode.swift; path = LocationService.swift; sourceTree = "<group>"; };
		0407E53F2049A8A90039877D /* LocationServiceProtocol.swift */ = {isa = PBXFileReference; lastKnownFileType = sourcecode.swift; path = LocationServiceProtocol.swift; sourceTree = "<group>"; };
		043501AF20496DAB00C51609 /* Task.app */ = {isa = PBXFileReference; explicitFileType = wrapper.application; includeInIndex = 0; path = Task.app; sourceTree = BUILT_PRODUCTS_DIR; };
		043501C320496DAB00C51609 /* TaskTests.xctest */ = {isa = PBXFileReference; explicitFileType = wrapper.cfbundle; includeInIndex = 0; path = TaskTests.xctest; sourceTree = BUILT_PRODUCTS_DIR; };
		043501C720496DAB00C51609 /* TaskTests.swift */ = {isa = PBXFileReference; lastKnownFileType = sourcecode.swift; path = TaskTests.swift; sourceTree = "<group>"; };
		043501C920496DAB00C51609 /* Info.plist */ = {isa = PBXFileReference; lastKnownFileType = text.plist.xml; path = Info.plist; sourceTree = "<group>"; };
		043501D420496E6500C51609 /* AppDelegate.swift */ = {isa = PBXFileReference; fileEncoding = 4; lastKnownFileType = sourcecode.swift; path = AppDelegate.swift; sourceTree = "<group>"; };
		043501D920496E6500C51609 /* Assets.xcassets */ = {isa = PBXFileReference; lastKnownFileType = folder.assetcatalog; path = Assets.xcassets; sourceTree = "<group>"; };
		043501DB20496E6500C51609 /* Base */ = {isa = PBXFileReference; lastKnownFileType = file.storyboard; name = Base; path = Base.lproj/LaunchScreen.storyboard; sourceTree = "<group>"; };
		043501E120496E6500C51609 /* Base */ = {isa = PBXFileReference; lastKnownFileType = file.storyboard; name = Base; path = Base.lproj/Main.storyboard; sourceTree = "<group>"; };
		043501E320496E6500C51609 /* HomePage.swift */ = {isa = PBXFileReference; fileEncoding = 4; lastKnownFileType = sourcecode.swift; path = HomePage.swift; sourceTree = "<group>"; };
		043501E620496E6500C51609 /* ReachabilityService.swift */ = {isa = PBXFileReference; fileEncoding = 4; lastKnownFileType = sourcecode.swift; path = ReachabilityService.swift; sourceTree = "<group>"; };
		043501EF20496F9400C51609 /* Info.plist */ = {isa = PBXFileReference; fileEncoding = 4; lastKnownFileType = text.plist.xml; path = Info.plist; sourceTree = "<group>"; };
		1D703906B299B21AA9572234 /* Pods_Task.framework */ = {isa = PBXFileReference; explicitFileType = wrapper.framework; includeInIndex = 0; path = Pods_Task.framework; sourceTree = BUILT_PRODUCTS_DIR; };
		21E26D1DFF0AA1755D43C41F /* Pods-Task.release.xcconfig */ = {isa = PBXFileReference; includeInIndex = 1; lastKnownFileType = text.xcconfig; name = "Pods-Task.release.xcconfig"; path = "Pods/Target Support Files/Pods-Task/Pods-Task.release.xcconfig"; sourceTree = "<group>"; };
		448B2E153436B8EB5A22EAEE /* Pods-TaskTests.debug.xcconfig */ = {isa = PBXFileReference; includeInIndex = 1; lastKnownFileType = text.xcconfig; name = "Pods-TaskTests.debug.xcconfig"; path = "Pods/Target Support Files/Pods-TaskTests/Pods-TaskTests.debug.xcconfig"; sourceTree = "<group>"; };
		60C28606C29C1C100FD9598B /* Pods_TaskTests.framework */ = {isa = PBXFileReference; explicitFileType = wrapper.framework; includeInIndex = 0; path = Pods_TaskTests.framework; sourceTree = BUILT_PRODUCTS_DIR; };
		99AF8C1E5249E53164F6E268 /* Pods-Task.debug.xcconfig */ = {isa = PBXFileReference; includeInIndex = 1; lastKnownFileType = text.xcconfig; name = "Pods-Task.debug.xcconfig"; path = "Pods/Target Support Files/Pods-Task/Pods-Task.debug.xcconfig"; sourceTree = "<group>"; };
		EB18CCD8E27FA71F6564B585 /* Pods-TaskTests.release.xcconfig */ = {isa = PBXFileReference; includeInIndex = 1; lastKnownFileType = text.xcconfig; name = "Pods-TaskTests.release.xcconfig"; path = "Pods/Target Support Files/Pods-TaskTests/Pods-TaskTests.release.xcconfig"; sourceTree = "<group>"; };
/* End PBXFileReference section */

/* Begin PBXFrameworksBuildPhase section */
		043501AC20496DAB00C51609 /* Frameworks */ = {
			isa = PBXFrameworksBuildPhase;
			buildActionMask = 2147483647;
			files = (
				73B0A096E36A76ABBED993CF /* Pods_Task.framework in Frameworks */,
			);
			runOnlyForDeploymentPostprocessing = 0;
		};
		043501C020496DAB00C51609 /* Frameworks */ = {
			isa = PBXFrameworksBuildPhase;
			buildActionMask = 2147483647;
			files = (
				DE9C2F415A0D21DF68B5ACD1 /* Pods_TaskTests.framework in Frameworks */,
			);
			runOnlyForDeploymentPostprocessing = 0;
		};
/* End PBXFrameworksBuildPhase section */

/* Begin PBXGroup section */
		043501A620496DAB00C51609 = {
			isa = PBXGroup;
			children = (
				043501B120496DAB00C51609 /* Task */,
				043501C620496DAB00C51609 /* TaskTests */,
				043501B020496DAB00C51609 /* Products */,
				B308AC3B41BC4DB2EDCEF84C /* Pods */,
				C4BEB17CE90AEA789617C2D6 /* Frameworks */,
			);
			sourceTree = "<group>";
		};
		043501B020496DAB00C51609 /* Products */ = {
			isa = PBXGroup;
			children = (
				043501AF20496DAB00C51609 /* Task.app */,
				043501C320496DAB00C51609 /* TaskTests.xctest */,
			);
			name = Products;
			sourceTree = "<group>";
		};
		043501B120496DAB00C51609 /* Task */ = {
			isa = PBXGroup;
			children = (
				043501EF20496F9400C51609 /* Info.plist */,
				043501D220496E6500C51609 /* Global */,
				043501DE20496E6500C51609 /* ParentAPS */,
			);
			path = Task;
			sourceTree = "<group>";
		};
		043501C620496DAB00C51609 /* TaskTests */ = {
			isa = PBXGroup;
			children = (
				043501C720496DAB00C51609 /* TaskTests.swift */,
				043501C920496DAB00C51609 /* Info.plist */,
			);
			path = TaskTests;
			sourceTree = "<group>";
		};
		043501D220496E6500C51609 /* Global */ = {
			isa = PBXGroup;
			children = (
				043501D320496E6500C51609 /* Controller */,
				043501D720496E6500C51609 /* Model */,
				043501D820496E6500C51609 /* View */,
				043501DC20496E6500C51609 /* Service */,
			);
			path = Global;
			sourceTree = "<group>";
		};
		043501D320496E6500C51609 /* Controller */ = {
			isa = PBXGroup;
			children = (
				043501D420496E6500C51609 /* AppDelegate.swift */,
			);
			path = Controller;
			sourceTree = "<group>";
		};
		043501D720496E6500C51609 /* Model */ = {
			isa = PBXGroup;
			children = (
			);
			path = Model;
			sourceTree = "<group>";
		};
		043501D820496E6500C51609 /* View */ = {
			isa = PBXGroup;
			children = (
				043501D920496E6500C51609 /* Assets.xcassets */,
				043501DA20496E6500C51609 /* LaunchScreen.storyboard */,
			);
			path = View;
			sourceTree = "<group>";
		};
		043501DC20496E6500C51609 /* Service */ = {
			isa = PBXGroup;
			children = (
				0407E53F2049A8A90039877D /* LocationServiceProtocol.swift */,
				0407E53D204996F20039877D /* LocationService.swift */,
			);
			path = Service;
			sourceTree = "<group>";
		};
		043501DE20496E6500C51609 /* ParentAPS */ = {
			isa = PBXGroup;
			children = (
				043501DF20496E6500C51609 /* 🖥Views */,
				043501E220496E6500C51609 /* 🔨Controllers */,
				043501E420496E6500C51609 /* Model */,
				043501E520496E6500C51609 /* Service */,
			);
			path = ParentAPS;
			sourceTree = "<group>";
		};
		043501DF20496E6500C51609 /* 🖥Views */ = {
			isa = PBXGroup;
			children = (
				043501E020496E6500C51609 /* Main.storyboard */,
			);
			path = "🖥Views";
			sourceTree = "<group>";
		};
		043501E220496E6500C51609 /* 🔨Controllers */ = {
			isa = PBXGroup;
			children = (
				043501E320496E6500C51609 /* HomePage.swift */,
			);
			path = "🔨Controllers";
			sourceTree = "<group>";
		};
		043501E420496E6500C51609 /* Model */ = {
			isa = PBXGroup;
			children = (
			);
			path = Model;
			sourceTree = "<group>";
		};
		043501E520496E6500C51609 /* Service */ = {
			isa = PBXGroup;
			children = (
				043501E620496E6500C51609 /* ReachabilityService.swift */,
			);
			path = Service;
			sourceTree = "<group>";
		};
		B308AC3B41BC4DB2EDCEF84C /* Pods */ = {
			isa = PBXGroup;
			children = (
				99AF8C1E5249E53164F6E268 /* Pods-Task.debug.xcconfig */,
				21E26D1DFF0AA1755D43C41F /* Pods-Task.release.xcconfig */,
				448B2E153436B8EB5A22EAEE /* Pods-TaskTests.debug.xcconfig */,
				EB18CCD8E27FA71F6564B585 /* Pods-TaskTests.release.xcconfig */,
			);
			name = Pods;
			sourceTree = "<group>";
		};
		C4BEB17CE90AEA789617C2D6 /* Frameworks */ = {
			isa = PBXGroup;
			children = (
				1D703906B299B21AA9572234 /* Pods_Task.framework */,
				60C28606C29C1C100FD9598B /* Pods_TaskTests.framework */,
			);
			name = Frameworks;
			sourceTree = "<group>";
		};
/* End PBXGroup section */

/* Begin PBXNativeTarget section */
		043501AE20496DAB00C51609 /* Task */ = {
			isa = PBXNativeTarget;
			buildConfigurationList = 043501CC20496DAB00C51609 /* Build configuration list for PBXNativeTarget "Task" */;
			buildPhases = (
				2BA812F40D8BFC29C8DD255D /* [CP] Check Pods Manifest.lock */,
				043501AB20496DAB00C51609 /* Sources */,
				043501AC20496DAB00C51609 /* Frameworks */,
				043501AD20496DAB00C51609 /* Resources */,
				67878CCAD738D9A851864A56 /* [CP] Embed Pods Frameworks */,
				C7A544BAAB41CF95A0F5C509 /* [CP] Copy Pods Resources */,
			);
			buildRules = (
			);
			dependencies = (
			);
			name = Task;
			productName = Task;
			productReference = 043501AF20496DAB00C51609 /* Task.app */;
			productType = "com.apple.product-type.application";
		};
		043501C220496DAB00C51609 /* TaskTests */ = {
			isa = PBXNativeTarget;
			buildConfigurationList = 043501CF20496DAB00C51609 /* Build configuration list for PBXNativeTarget "TaskTests" */;
			buildPhases = (
				5A5D25F87D7FFF0C7D6E0A19 /* [CP] Check Pods Manifest.lock */,
				043501BF20496DAB00C51609 /* Sources */,
				043501C020496DAB00C51609 /* Frameworks */,
				043501C120496DAB00C51609 /* Resources */,
				1B85F6E67928EB1A08AE80BE /* [CP] Embed Pods Frameworks */,
				F888050E916DE8889EFAA072 /* [CP] Copy Pods Resources */,
			);
			buildRules = (
			);
			dependencies = (
				043501C520496DAB00C51609 /* PBXTargetDependency */,
			);
			name = TaskTests;
			productName = TaskTests;
			productReference = 043501C320496DAB00C51609 /* TaskTests.xctest */;
			productType = "com.apple.product-type.bundle.unit-test";
		};
/* End PBXNativeTarget section */

/* Begin PBXProject section */
		043501A720496DAB00C51609 /* Project object */ = {
			isa = PBXProject;
			attributes = {
				LastSwiftUpdateCheck = 0920;
				LastUpgradeCheck = 0920;
				ORGANIZATIONNAME = NermeenTomoum;
				TargetAttributes = {
					043501AE20496DAB00C51609 = {
						CreatedOnToolsVersion = 9.2;
						ProvisioningStyle = Automatic;
					};
					043501C220496DAB00C51609 = {
						CreatedOnToolsVersion = 9.2;
						ProvisioningStyle = Automatic;
						TestTargetID = 043501AE20496DAB00C51609;
					};
				};
			};
			buildConfigurationList = 043501AA20496DAB00C51609 /* Build configuration list for PBXProject "Task" */;
			compatibilityVersion = "Xcode 8.0";
			developmentRegion = en;
			hasScannedForEncodings = 0;
			knownRegions = (
				en,
				Base,
			);
			mainGroup = 043501A620496DAB00C51609;
			productRefGroup = 043501B020496DAB00C51609 /* Products */;
			projectDirPath = "";
			projectRoot = "";
			targets = (
				043501AE20496DAB00C51609 /* Task */,
				043501C220496DAB00C51609 /* TaskTests */,
			);
		};
/* End PBXProject section */

/* Begin PBXResourcesBuildPhase section */
		043501AD20496DAB00C51609 /* Resources */ = {
			isa = PBXResourcesBuildPhase;
			buildActionMask = 2147483647;
			files = (
				043501F020496F9400C51609 /* Info.plist in Resources */,
				043501EC20496E6500C51609 /* Main.storyboard in Resources */,
				043501EA20496E6500C51609 /* LaunchScreen.storyboard in Resources */,
				043501E920496E6500C51609 /* Assets.xcassets in Resources */,
			);
			runOnlyForDeploymentPostprocessing = 0;
		};
		043501C120496DAB00C51609 /* Resources */ = {
			isa = PBXResourcesBuildPhase;
			buildActionMask = 2147483647;
			files = (
			);
			runOnlyForDeploymentPostprocessing = 0;
		};
/* End PBXResourcesBuildPhase section */

/* Begin PBXShellScriptBuildPhase section */
		1B85F6E67928EB1A08AE80BE /* [CP] Embed Pods Frameworks */ = {
			isa = PBXShellScriptBuildPhase;
			buildActionMask = 2147483647;
			files = (
			);
			inputPaths = (
			);
			name = "[CP] Embed Pods Frameworks";
			outputPaths = (
			);
			runOnlyForDeploymentPostprocessing = 0;
			shellPath = /bin/sh;
			shellScript = "\"${SRCROOT}/Pods/Target Support Files/Pods-TaskTests/Pods-TaskTests-frameworks.sh\"\n";
			showEnvVarsInLog = 0;
		};
		2BA812F40D8BFC29C8DD255D /* [CP] Check Pods Manifest.lock */ = {
			isa = PBXShellScriptBuildPhase;
			buildActionMask = 2147483647;
			files = (
			);
			inputPaths = (
				"${PODS_PODFILE_DIR_PATH}/Podfile.lock",
				"${PODS_ROOT}/Manifest.lock",
			);
			name = "[CP] Check Pods Manifest.lock";
			outputPaths = (
				"$(DERIVED_FILE_DIR)/Pods-Task-checkManifestLockResult.txt",
			);
			runOnlyForDeploymentPostprocessing = 0;
			shellPath = /bin/sh;
			shellScript = "diff \"${PODS_PODFILE_DIR_PATH}/Podfile.lock\" \"${PODS_ROOT}/Manifest.lock\" > /dev/null\nif [ $? != 0 ] ; then\n    # print error to STDERR\n    echo \"error: The sandbox is not in sync with the Podfile.lock. Run 'pod install' or update your CocoaPods installation.\" >&2\n    exit 1\nfi\n# This output is used by Xcode 'outputs' to avoid re-running this script phase.\necho \"SUCCESS\" > \"${SCRIPT_OUTPUT_FILE_0}\"\n";
			showEnvVarsInLog = 0;
		};
		5A5D25F87D7FFF0C7D6E0A19 /* [CP] Check Pods Manifest.lock */ = {
			isa = PBXShellScriptBuildPhase;
			buildActionMask = 2147483647;
			files = (
			);
			inputPaths = (
				"${PODS_PODFILE_DIR_PATH}/Podfile.lock",
				"${PODS_ROOT}/Manifest.lock",
			);
			name = "[CP] Check Pods Manifest.lock";
			outputPaths = (
				"$(DERIVED_FILE_DIR)/Pods-TaskTests-checkManifestLockResult.txt",
			);
			runOnlyForDeploymentPostprocessing = 0;
			shellPath = /bin/sh;
			shellScript = "diff \"${PODS_PODFILE_DIR_PATH}/Podfile.lock\" \"${PODS_ROOT}/Manifest.lock\" > /dev/null\nif [ $? != 0 ] ; then\n    # print error to STDERR\n    echo \"error: The sandbox is not in sync with the Podfile.lock. Run 'pod install' or update your CocoaPods installation.\" >&2\n    exit 1\nfi\n# This output is used by Xcode 'outputs' to avoid re-running this script phase.\necho \"SUCCESS\" > \"${SCRIPT_OUTPUT_FILE_0}\"\n";
			showEnvVarsInLog = 0;
		};
		67878CCAD738D9A851864A56 /* [CP] Embed Pods Frameworks */ = {
			isa = PBXShellScriptBuildPhase;
			buildActionMask = 2147483647;
			files = (
			);
			inputPaths = (
				"${SRCROOT}/Pods/Target Support Files/Pods-Task/Pods-Task-frameworks.sh",
				"${BUILT_PRODUCTS_DIR}/Alamofire/Alamofire.framework",
				"${BUILT_PRODUCTS_DIR}/MBProgressHUD/MBProgressHUD.framework",
				"${BUILT_PRODUCTS_DIR}/ReachabilitySwift/ReachabilitySwift.framework",
				"${BUILT_PRODUCTS_DIR}/SearchTextField/SearchTextField.framework",
			);
			name = "[CP] Embed Pods Frameworks";
			outputPaths = (
				"${TARGET_BUILD_DIR}/${FRAMEWORKS_FOLDER_PATH}/Alamofire.framework",
				"${TARGET_BUILD_DIR}/${FRAMEWORKS_FOLDER_PATH}/MBProgressHUD.framework",
				"${TARGET_BUILD_DIR}/${FRAMEWORKS_FOLDER_PATH}/ReachabilitySwift.framework",
				"${TARGET_BUILD_DIR}/${FRAMEWORKS_FOLDER_PATH}/SearchTextField.framework",
			);
			runOnlyForDeploymentPostprocessing = 0;
			shellPath = /bin/sh;
			shellScript = "\"${SRCROOT}/Pods/Target Support Files/Pods-Task/Pods-Task-frameworks.sh\"\n";
			showEnvVarsInLog = 0;
		};
		C7A544BAAB41CF95A0F5C509 /* [CP] Copy Pods Resources */ = {
			isa = PBXShellScriptBuildPhase;
			buildActionMask = 2147483647;
			files = (
			);
			inputPaths = (
			);
			name = "[CP] Copy Pods Resources";
			outputPaths = (
			);
			runOnlyForDeploymentPostprocessing = 0;
			shellPath = /bin/sh;
			shellScript = "\"${SRCROOT}/Pods/Target Support Files/Pods-Task/Pods-Task-resources.sh\"\n";
			showEnvVarsInLog = 0;
		};
		F888050E916DE8889EFAA072 /* [CP] Copy Pods Resources */ = {
			isa = PBXShellScriptBuildPhase;
			buildActionMask = 2147483647;
			files = (
			);
			inputPaths = (
			);
			name = "[CP] Copy Pods Resources";
			outputPaths = (
			);
			runOnlyForDeploymentPostprocessing = 0;
			shellPath = /bin/sh;
			shellScript = "\"${SRCROOT}/Pods/Target Support Files/Pods-TaskTests/Pods-TaskTests-resources.sh\"\n";
			showEnvVarsInLog = 0;
		};
/* End PBXShellScriptBuildPhase section */

/* Begin PBXSourcesBuildPhase section */
		043501AB20496DAB00C51609 /* Sources */ = {
			isa = PBXSourcesBuildPhase;
			buildActionMask = 2147483647;
			files = (
				043501ED20496E6500C51609 /* HomePage.swift in Sources */,
				043501E720496E6500C51609 /* AppDelegate.swift in Sources */,
				0407E53E204996F20039877D /* LocationService.swift in Sources */,
				043501EE20496E6600C51609 /* ReachabilityService.swift in Sources */,
				0407E5402049A8A90039877D /* LocationServiceProtocol.swift in Sources */,
			);
			runOnlyForDeploymentPostprocessing = 0;
		};
		043501BF20496DAB00C51609 /* Sources */ = {
			isa = PBXSourcesBuildPhase;
			buildActionMask = 2147483647;
			files = (
				043501C820496DAB00C51609 /* TaskTests.swift in Sources */,
			);
			runOnlyForDeploymentPostprocessing = 0;
		};
/* End PBXSourcesBuildPhase section */

/* Begin PBXTargetDependency section */
		043501C520496DAB00C51609 /* PBXTargetDependency */ = {
			isa = PBXTargetDependency;
			target = 043501AE20496DAB00C51609 /* Task */;
			targetProxy = 043501C420496DAB00C51609 /* PBXContainerItemProxy */;
		};
/* End PBXTargetDependency section */

/* Begin PBXVariantGroup section */
		043501DA20496E6500C51609 /* LaunchScreen.storyboard */ = {
			isa = PBXVariantGroup;
			children = (
				043501DB20496E6500C51609 /* Base */,
			);
			name = LaunchScreen.storyboard;
			sourceTree = "<group>";
		};
		043501E020496E6500C51609 /* Main.storyboard */ = {
			isa = PBXVariantGroup;
			children = (
				043501E120496E6500C51609 /* Base */,
			);
			name = Main.storyboard;
			sourceTree = "<group>";
		};
/* End PBXVariantGroup section */

/* Begin XCBuildConfiguration section */
		043501CA20496DAB00C51609 /* Debug */ = {
			isa = XCBuildConfiguration;
			buildSettings = {
				ALWAYS_SEARCH_USER_PATHS = NO;
				CLANG_ANALYZER_NONNULL = YES;
				CLANG_ANALYZER_NUMBER_OBJECT_CONVERSION = YES_AGGRESSIVE;
				CLANG_CXX_LANGUAGE_STANDARD = "gnu++14";
				CLANG_CXX_LIBRARY = "libc++";
				CLANG_ENABLE_MODULES = YES;
				CLANG_ENABLE_OBJC_ARC = YES;
				CLANG_WARN_BLOCK_CAPTURE_AUTORELEASING = YES;
				CLANG_WARN_BOOL_CONVERSION = YES;
				CLANG_WARN_COMMA = YES;
				CLANG_WARN_CONSTANT_CONVERSION = YES;
				CLANG_WARN_DIRECT_OBJC_ISA_USAGE = YES_ERROR;
				CLANG_WARN_DOCUMENTATION_COMMENTS = YES;
				CLANG_WARN_EMPTY_BODY = YES;
				CLANG_WARN_ENUM_CONVERSION = YES;
				CLANG_WARN_INFINITE_RECURSION = YES;
				CLANG_WARN_INT_CONVERSION = YES;
				CLANG_WARN_NON_LITERAL_NULL_CONVERSION = YES;
				CLANG_WARN_OBJC_LITERAL_CONVERSION = YES;
				CLANG_WARN_OBJC_ROOT_CLASS = YES_ERROR;
				CLANG_WARN_RANGE_LOOP_ANALYSIS = YES;
				CLANG_WARN_STRICT_PROTOTYPES = YES;
				CLANG_WARN_SUSPICIOUS_MOVE = YES;
				CLANG_WARN_UNGUARDED_AVAILABILITY = YES_AGGRESSIVE;
				CLANG_WARN_UNREACHABLE_CODE = YES;
				CLANG_WARN__DUPLICATE_METHOD_MATCH = YES;
				CODE_SIGN_IDENTITY = "iPhone Developer";
				COPY_PHASE_STRIP = NO;
				DEBUG_INFORMATION_FORMAT = dwarf;
				ENABLE_STRICT_OBJC_MSGSEND = YES;
				ENABLE_TESTABILITY = YES;
				GCC_C_LANGUAGE_STANDARD = gnu11;
				GCC_DYNAMIC_NO_PIC = NO;
				GCC_NO_COMMON_BLOCKS = YES;
				GCC_OPTIMIZATION_LEVEL = 0;
				GCC_PREPROCESSOR_DEFINITIONS = (
					"DEBUG=1",
					"$(inherited)",
				);
				GCC_WARN_64_TO_32_BIT_CONVERSION = YES;
				GCC_WARN_ABOUT_RETURN_TYPE = YES_ERROR;
				GCC_WARN_UNDECLARED_SELECTOR = YES;
				GCC_WARN_UNINITIALIZED_AUTOS = YES_AGGRESSIVE;
				GCC_WARN_UNUSED_FUNCTION = YES;
				GCC_WARN_UNUSED_VARIABLE = YES;
				IPHONEOS_DEPLOYMENT_TARGET = 11.2;
				MTL_ENABLE_DEBUG_INFO = YES;
				ONLY_ACTIVE_ARCH = YES;
				SDKROOT = iphoneos;
				SWIFT_ACTIVE_COMPILATION_CONDITIONS = DEBUG;
				SWIFT_OPTIMIZATION_LEVEL = "-Onone";
			};
			name = Debug;
		};
		043501CB20496DAB00C51609 /* Release */ = {
			isa = XCBuildConfiguration;
			buildSettings = {
				ALWAYS_SEARCH_USER_PATHS = NO;
				CLANG_ANALYZER_NONNULL = YES;
				CLANG_ANALYZER_NUMBER_OBJECT_CONVERSION = YES_AGGRESSIVE;
				CLANG_CXX_LANGUAGE_STANDARD = "gnu++14";
				CLANG_CXX_LIBRARY = "libc++";
				CLANG_ENABLE_MODULES = YES;
				CLANG_ENABLE_OBJC_ARC = YES;
				CLANG_WARN_BLOCK_CAPTURE_AUTORELEASING = YES;
				CLANG_WARN_BOOL_CONVERSION = YES;
				CLANG_WARN_COMMA = YES;
				CLANG_WARN_CONSTANT_CONVERSION = YES;
				CLANG_WARN_DIRECT_OBJC_ISA_USAGE = YES_ERROR;
				CLANG_WARN_DOCUMENTATION_COMMENTS = YES;
				CLANG_WARN_EMPTY_BODY = YES;
				CLANG_WARN_ENUM_CONVERSION = YES;
				CLANG_WARN_INFINITE_RECURSION = YES;
				CLANG_WARN_INT_CONVERSION = YES;
				CLANG_WARN_NON_LITERAL_NULL_CONVERSION = YES;
				CLANG_WARN_OBJC_LITERAL_CONVERSION = YES;
				CLANG_WARN_OBJC_ROOT_CLASS = YES_ERROR;
				CLANG_WARN_RANGE_LOOP_ANALYSIS = YES;
				CLANG_WARN_STRICT_PROTOTYPES = YES;
				CLANG_WARN_SUSPICIOUS_MOVE = YES;
				CLANG_WARN_UNGUARDED_AVAILABILITY = YES_AGGRESSIVE;
				CLANG_WARN_UNREACHABLE_CODE = YES;
				CLANG_WARN__DUPLICATE_METHOD_MATCH = YES;
				CODE_SIGN_IDENTITY = "iPhone Developer";
				COPY_PHASE_STRIP = NO;
				DEBUG_INFORMATION_FORMAT = "dwarf-with-dsym";
				ENABLE_NS_ASSERTIONS = NO;
				ENABLE_STRICT_OBJC_MSGSEND = YES;
				GCC_C_LANGUAGE_STANDARD = gnu11;
				GCC_NO_COMMON_BLOCKS = YES;
				GCC_WARN_64_TO_32_BIT_CONVERSION = YES;
				GCC_WARN_ABOUT_RETURN_TYPE = YES_ERROR;
				GCC_WARN_UNDECLARED_SELECTOR = YES;
				GCC_WARN_UNINITIALIZED_AUTOS = YES_AGGRESSIVE;
				GCC_WARN_UNUSED_FUNCTION = YES;
				GCC_WARN_UNUSED_VARIABLE = YES;
				IPHONEOS_DEPLOYMENT_TARGET = 11.2;
				MTL_ENABLE_DEBUG_INFO = NO;
				SDKROOT = iphoneos;
				SWIFT_OPTIMIZATION_LEVEL = "-Owholemodule";
				VALIDATE_PRODUCT = YES;
			};
			name = Release;
		};
		043501CD20496DAB00C51609 /* Debug */ = {
			isa = XCBuildConfiguration;
			baseConfigurationReference = 99AF8C1E5249E53164F6E268 /* Pods-Task.debug.xcconfig */;
			buildSettings = {
				ASSETCATALOG_COMPILER_APPICON_NAME = AppIcon;
				CODE_SIGN_STYLE = Automatic;
				DEVELOPMENT_TEAM = XDTE8MQ3RZ;
				INFOPLIST_FILE = Task/Info.plist;
				LD_RUNPATH_SEARCH_PATHS = "$(inherited) @executable_path/Frameworks";
				PRODUCT_BUNDLE_IDENTIFIER = com.ImpossibleIsNothing.app.Task;
				PRODUCT_NAME = "$(TARGET_NAME)";
				SWIFT_VERSION = 4.0;
				TARGETED_DEVICE_FAMILY = "1,2";
			};
			name = Debug;
		};
		043501CE20496DAB00C51609 /* Release */ = {
			isa = XCBuildConfiguration;
			baseConfigurationReference = 21E26D1DFF0AA1755D43C41F /* Pods-Task.release.xcconfig */;
			buildSettings = {
				ASSETCATALOG_COMPILER_APPICON_NAME = AppIcon;
				CODE_SIGN_STYLE = Automatic;
				DEVELOPMENT_TEAM = XDTE8MQ3RZ;
				INFOPLIST_FILE = Task/Info.plist;
				LD_RUNPATH_SEARCH_PATHS = "$(inherited) @executable_path/Frameworks";
				PRODUCT_BUNDLE_IDENTIFIER = com.ImpossibleIsNothing.app.Task;
				PRODUCT_NAME = "$(TARGET_NAME)";
				SWIFT_VERSION = 4.0;
				TARGETED_DEVICE_FAMILY = "1,2";
			};
			name = Release;
		};
		043501D020496DAB00C51609 /* Debug */ = {
			isa = XCBuildConfiguration;
			baseConfigurationReference = 448B2E153436B8EB5A22EAEE /* Pods-TaskTests.debug.xcconfig */;
			buildSettings = {
				ALWAYS_EMBED_SWIFT_STANDARD_LIBRARIES = YES;
				BUNDLE_LOADER = "$(TEST_HOST)";
				CODE_SIGN_STYLE = Automatic;
				DEVELOPMENT_TEAM = 2KDEH69VUR;
				INFOPLIST_FILE = TaskTests/Info.plist;
				LD_RUNPATH_SEARCH_PATHS = "$(inherited) @executable_path/Frameworks @loader_path/Frameworks";
				PRODUCT_BUNDLE_IDENTIFIER = com.ImpossibleIsNothing.app.TaskTests;
				PRODUCT_NAME = "$(TARGET_NAME)";
				SWIFT_VERSION = 4.0;
				TARGETED_DEVICE_FAMILY = "1,2";
				TEST_HOST = "$(BUILT_PRODUCTS_DIR)/Task.app/Task";
			};
			name = Debug;
		};
		043501D120496DAB00C51609 /* Release */ = {
			isa = XCBuildConfiguration;
			baseConfigurationReference = EB18CCD8E27FA71F6564B585 /* Pods-TaskTests.release.xcconfig */;
			buildSettings = {
				ALWAYS_EMBED_SWIFT_STANDARD_LIBRARIES = YES;
				BUNDLE_LOADER = "$(TEST_HOST)";
				CODE_SIGN_STYLE = Automatic;
				DEVELOPMENT_TEAM = 2KDEH69VUR;
				INFOPLIST_FILE = TaskTests/Info.plist;
				LD_RUNPATH_SEARCH_PATHS = "$(inherited) @executable_path/Frameworks @loader_path/Frameworks";
				PRODUCT_BUNDLE_IDENTIFIER = com.ImpossibleIsNothing.app.TaskTests;
				PRODUCT_NAME = "$(TARGET_NAME)";
				SWIFT_VERSION = 4.0;
				TARGETED_DEVICE_FAMILY = "1,2";
				TEST_HOST = "$(BUILT_PRODUCTS_DIR)/Task.app/Task";
			};
			name = Release;
		};
/* End XCBuildConfiguration section */

/* Begin XCConfigurationList section */
		043501AA20496DAB00C51609 /* Build configuration list for PBXProject "Task" */ = {
			isa = XCConfigurationList;
			buildConfigurations = (
				043501CA20496DAB00C51609 /* Debug */,
				043501CB20496DAB00C51609 /* Release */,
			);
			defaultConfigurationIsVisible = 0;
			defaultConfigurationName = Release;
		};
		043501CC20496DAB00C51609 /* Build configuration list for PBXNativeTarget "Task" */ = {
			isa = XCConfigurationList;
			buildConfigurations = (
				043501CD20496DAB00C51609 /* Debug */,
				043501CE20496DAB00C51609 /* Release */,
			);
			defaultConfigurationIsVisible = 0;
			defaultConfigurationName = Release;
		};
		043501CF20496DAB00C51609 /* Build configuration list for PBXNativeTarget "TaskTests" */ = {
			isa = XCConfigurationList;
			buildConfigurations = (
				043501D020496DAB00C51609 /* Debug */,
				043501D120496DAB00C51609 /* Release */,
			);
			defaultConfigurationIsVisible = 0;
			defaultConfigurationName = Release;
		};
/* End XCConfigurationList section */
	};
	rootObject = 043501A720496DAB00C51609 /* Project object */;
}
